// !$*UTF8*$!
{
	archiveVersion = 1;
	classes = {
	};
	objectVersion = 56;
	objects = {

/* Begin PBXBuildFile section */
		BC7F78C32BE030130018DD9E /* ChatWithMeApp.swift in Sources */ = {isa = PBXBuildFile; fileRef = BC7F78C22BE030130018DD9E /* ChatWithMeApp.swift */; };
		BC7F78C52BE030130018DD9E /* ContentView.swift in Sources */ = {isa = PBXBuildFile; fileRef = BC7F78C42BE030130018DD9E /* ContentView.swift */; };
		BC7F78C72BE030140018DD9E /* Assets.xcassets in Resources */ = {isa = PBXBuildFile; fileRef = BC7F78C62BE030140018DD9E /* Assets.xcassets */; };
		BC7F78CA2BE030140018DD9E /* Preview Assets.xcassets in Resources */ = {isa = PBXBuildFile; fileRef = BC7F78C92BE030140018DD9E /* Preview Assets.xcassets */; };
		BC7F78D92BE030C80018DD9E /* LoginView.swift in Sources */ = {isa = PBXBuildFile; fileRef = BC7F78D82BE030C80018DD9E /* LoginView.swift */; };
		BC8CA5382BEB95AA006D0981 /* RegisterView.swift in Sources */ = {isa = PBXBuildFile; fileRef = BC8CA5372BEB95AA006D0981 /* RegisterView.swift */; };
		BC8CA53B2BEB9827006D0981 /* InboxView.swift in Sources */ = {isa = PBXBuildFile; fileRef = BC8CA53A2BEB9827006D0981 /* InboxView.swift */; };
		BC8CA53E2BEBB3BC006D0981 /* ActiveNowView.swift in Sources */ = {isa = PBXBuildFile; fileRef = BC8CA53D2BEBB3BC006D0981 /* ActiveNowView.swift */; };
		BC8CA5402BEBEC22006D0981 /* InboxRowView.swift in Sources */ = {isa = PBXBuildFile; fileRef = BC8CA53F2BEBEC22006D0981 /* InboxRowView.swift */; };
		BC8CA5432BEBF0EF006D0981 /* NewMessageView.swift in Sources */ = {isa = PBXBuildFile; fileRef = BC8CA5422BEBF0EF006D0981 /* NewMessageView.swift */; };
		BC8CA5482BEBF472006D0981 /* ProfileView.swift in Sources */ = {isa = PBXBuildFile; fileRef = BC8CA5472BEBF472006D0981 /* ProfileView.swift */; };
		BC8CA54A2BEBF6CA006D0981 /* SettingsOptionsViewModel.swift in Sources */ = {isa = PBXBuildFile; fileRef = BC8CA5492BEBF6CA006D0981 /* SettingsOptionsViewModel.swift */; };
		BC8CA54C2BEBFAE8006D0981 /* ProfileViewModel.swift in Sources */ = {isa = PBXBuildFile; fileRef = BC8CA54B2BEBFAE8006D0981 /* ProfileViewModel.swift */; };
		BC8CA54E2BEBFC96006D0981 /* User.swift in Sources */ = {isa = PBXBuildFile; fileRef = BC8CA54D2BEBFC96006D0981 /* User.swift */; };
		BC8CA5512BEC8323006D0981 /* CircularProfileImageView.swift in Sources */ = {isa = PBXBuildFile; fileRef = BC8CA5502BEC8323006D0981 /* CircularProfileImageView.swift */; };
		BC8CA5542BEC8831006D0981 /* ChatView.swift in Sources */ = {isa = PBXBuildFile; fileRef = BC8CA5532BEC8831006D0981 /* ChatView.swift */; };
		BC8CA5562BEC8B96006D0981 /* ChatMessageCell.swift in Sources */ = {isa = PBXBuildFile; fileRef = BC8CA5552BEC8B96006D0981 /* ChatMessageCell.swift */; };
		BC8CA59E2BEDD576006D0981 /* FirebaseAuth in Frameworks */ = {isa = PBXBuildFile; productRef = BC8CA59D2BEDD576006D0981 /* FirebaseAuth */; };
		BC8CA5AA2BEDD576006D0981 /* FirebaseFirestore in Frameworks */ = {isa = PBXBuildFile; productRef = BC8CA5A92BEDD576006D0981 /* FirebaseFirestore */; };
		BC8CA5AE2BEDD576006D0981 /* FirebaseFirestoreSwift in Frameworks */ = {isa = PBXBuildFile; productRef = BC8CA5AD2BEDD576006D0981 /* FirebaseFirestoreSwift */; };
		BC8CA5C42BEDD576006D0981 /* FirebaseStorage in Frameworks */ = {isa = PBXBuildFile; productRef = BC8CA5C32BEDD576006D0981 /* FirebaseStorage */; };
		BC8CA5C82BEDD6E8006D0981 /* GoogleService-Info.plist in Resources */ = {isa = PBXBuildFile; fileRef = BC8CA5C72BEDD6E8006D0981 /* GoogleService-Info.plist */; };
		BCE498952BEDD80D00008159 /* LoginViewModel.swift in Sources */ = {isa = PBXBuildFile; fileRef = BCE498942BEDD80D00008159 /* LoginViewModel.swift */; };
		BCE498972BEDE3B400008159 /* RegViewModel.swift in Sources */ = {isa = PBXBuildFile; fileRef = BCE498962BEDE3B400008159 /* RegViewModel.swift */; };
		BCE498992BEDE3E800008159 /* AuthService.swift in Sources */ = {isa = PBXBuildFile; fileRef = BCE498982BEDE3E800008159 /* AuthService.swift */; };
/* End PBXBuildFile section */

/* Begin PBXFileReference section */
		BC7F78BF2BE030130018DD9E /* ChatWithMe.app */ = {isa = PBXFileReference; explicitFileType = wrapper.application; includeInIndex = 0; path = ChatWithMe.app; sourceTree = BUILT_PRODUCTS_DIR; };
		BC7F78C22BE030130018DD9E /* ChatWithMeApp.swift */ = {isa = PBXFileReference; lastKnownFileType = sourcecode.swift; path = ChatWithMeApp.swift; sourceTree = "<group>"; };
		BC7F78C42BE030130018DD9E /* ContentView.swift */ = {isa = PBXFileReference; lastKnownFileType = sourcecode.swift; path = ContentView.swift; sourceTree = "<group>"; };
		BC7F78C62BE030140018DD9E /* Assets.xcassets */ = {isa = PBXFileReference; lastKnownFileType = folder.assetcatalog; path = Assets.xcassets; sourceTree = "<group>"; };
		BC7F78C92BE030140018DD9E /* Preview Assets.xcassets */ = {isa = PBXFileReference; lastKnownFileType = folder.assetcatalog; path = "Preview Assets.xcassets"; sourceTree = "<group>"; };
		BC7F78D82BE030C80018DD9E /* LoginView.swift */ = {isa = PBXFileReference; lastKnownFileType = sourcecode.swift; path = LoginView.swift; sourceTree = "<group>"; };
		BC8CA5372BEB95AA006D0981 /* RegisterView.swift */ = {isa = PBXFileReference; lastKnownFileType = sourcecode.swift; path = RegisterView.swift; sourceTree = "<group>"; };
		BC8CA53A2BEB9827006D0981 /* InboxView.swift */ = {isa = PBXFileReference; lastKnownFileType = sourcecode.swift; path = InboxView.swift; sourceTree = "<group>"; };
		BC8CA53D2BEBB3BC006D0981 /* ActiveNowView.swift */ = {isa = PBXFileReference; lastKnownFileType = sourcecode.swift; path = ActiveNowView.swift; sourceTree = "<group>"; };
		BC8CA53F2BEBEC22006D0981 /* InboxRowView.swift */ = {isa = PBXFileReference; lastKnownFileType = sourcecode.swift; path = InboxRowView.swift; sourceTree = "<group>"; };
		BC8CA5422BEBF0EF006D0981 /* NewMessageView.swift */ = {isa = PBXFileReference; lastKnownFileType = sourcecode.swift; path = NewMessageView.swift; sourceTree = "<group>"; };
		BC8CA5472BEBF472006D0981 /* ProfileView.swift */ = {isa = PBXFileReference; lastKnownFileType = sourcecode.swift; path = ProfileView.swift; sourceTree = "<group>"; };
		BC8CA5492BEBF6CA006D0981 /* SettingsOptionsViewModel.swift */ = {isa = PBXFileReference; lastKnownFileType = sourcecode.swift; path = SettingsOptionsViewModel.swift; sourceTree = "<group>"; };
		BC8CA54B2BEBFAE8006D0981 /* ProfileViewModel.swift */ = {isa = PBXFileReference; lastKnownFileType = sourcecode.swift; path = ProfileViewModel.swift; sourceTree = "<group>"; };
		BC8CA54D2BEBFC96006D0981 /* User.swift */ = {isa = PBXFileReference; lastKnownFileType = sourcecode.swift; path = User.swift; sourceTree = "<group>"; };
		BC8CA5502BEC8323006D0981 /* CircularProfileImageView.swift */ = {isa = PBXFileReference; lastKnownFileType = sourcecode.swift; path = CircularProfileImageView.swift; sourceTree = "<group>"; };
		BC8CA5532BEC8831006D0981 /* ChatView.swift */ = {isa = PBXFileReference; lastKnownFileType = sourcecode.swift; path = ChatView.swift; sourceTree = "<group>"; };
		BC8CA5552BEC8B96006D0981 /* ChatMessageCell.swift */ = {isa = PBXFileReference; lastKnownFileType = sourcecode.swift; path = ChatMessageCell.swift; sourceTree = "<group>"; };
		BC8CA5C72BEDD6E8006D0981 /* GoogleService-Info.plist */ = {isa = PBXFileReference; fileEncoding = 4; lastKnownFileType = text.plist.xml; path = "GoogleService-Info.plist"; sourceTree = "<group>"; };
		BCE498942BEDD80D00008159 /* LoginViewModel.swift */ = {isa = PBXFileReference; lastKnownFileType = sourcecode.swift; path = LoginViewModel.swift; sourceTree = "<group>"; };
		BCE498962BEDE3B400008159 /* RegViewModel.swift */ = {isa = PBXFileReference; lastKnownFileType = sourcecode.swift; path = RegViewModel.swift; sourceTree = "<group>"; };
		BCE498982BEDE3E800008159 /* AuthService.swift */ = {isa = PBXFileReference; lastKnownFileType = sourcecode.swift; path = AuthService.swift; sourceTree = "<group>"; };
/* End PBXFileReference section */

/* Begin PBXFrameworksBuildPhase section */
		BC7F78BC2BE030130018DD9E /* Frameworks */ = {
			isa = PBXFrameworksBuildPhase;
			buildActionMask = 2147483647;
			files = (
				BC8CA5AA2BEDD576006D0981 /* FirebaseFirestore in Frameworks */,
				BC8CA5AE2BEDD576006D0981 /* FirebaseFirestoreSwift in Frameworks */,
				BC8CA59E2BEDD576006D0981 /* FirebaseAuth in Frameworks */,
				BC8CA5C42BEDD576006D0981 /* FirebaseStorage in Frameworks */,
			);
			runOnlyForDeploymentPostprocessing = 0;
		};
/* End PBXFrameworksBuildPhase section */

/* Begin PBXGroup section */
		BC7F78B62BE030130018DD9E = {
			isa = PBXGroup;
			children = (
				BC7F78C12BE030130018DD9E /* ChatWithMe */,
				BC7F78C02BE030130018DD9E /* Products */,
			);
			sourceTree = "<group>";
		};
		BC7F78C02BE030130018DD9E /* Products */ = {
			isa = PBXGroup;
			children = (
				BC7F78BF2BE030130018DD9E /* ChatWithMe.app */,
			);
			name = Products;
			sourceTree = "<group>";
		};
		BC7F78C12BE030130018DD9E /* ChatWithMe */ = {
			isa = PBXGroup;
			children = (
				BC7F78D42BE030430018DD9E /* App */,
				BC7F78D32BE030420018DD9E /* Core */,
				BC7F78D02BE0303B0018DD9E /* Extensions */,
				BC7F78D22BE030410018DD9E /* Model */,
				BC7F78D12BE0303D0018DD9E /* Service */,
				BC7F78C42BE030130018DD9E /* ContentView.swift */,
				BC7F78C62BE030140018DD9E /* Assets.xcassets */,
				BC7F78C82BE030140018DD9E /* Preview Content */,
			);
			path = ChatWithMe;
			sourceTree = "<group>";
		};
		BC7F78C82BE030140018DD9E /* Preview Content */ = {
			isa = PBXGroup;
			children = (
				BC7F78C92BE030140018DD9E /* Preview Assets.xcassets */,
			);
			path = "Preview Content";
			sourceTree = "<group>";
		};
		BC7F78D02BE0303B0018DD9E /* Extensions */ = {
			isa = PBXGroup;
			children = (
			);
			path = Extensions;
			sourceTree = "<group>";
		};
		BC7F78D12BE0303D0018DD9E /* Service */ = {
			isa = PBXGroup;
			children = (
				BC8CA5C72BEDD6E8006D0981 /* GoogleService-Info.plist */,
			);
			path = Service;
			sourceTree = "<group>";
		};
		BC7F78D22BE030410018DD9E /* Model */ = {
			isa = PBXGroup;
			children = (
				BC8CA54D2BEBFC96006D0981 /* User.swift */,
			);
			path = Model;
			sourceTree = "<group>";
		};
		BC7F78D32BE030420018DD9E /* Core */ = {
			isa = PBXGroup;
			children = (
				BC8CA53C2BEBB3A3006D0981 /* ActiveNow */,
				BC7F78D52BE0307B0018DD9E /* Authentication */,
				BC8CA5522BEC87F8006D0981 /* Chat */,
				BC8CA54F2BEC82E4006D0981 /* Components */,
				BC8CA5392BEB9800006D0981 /* Inbox */,
				BC8CA5412BEBF0E1006D0981 /* NewMessage */,
				BC8CA5442BEBF426006D0981 /* Profile */,
				BC7F78D62BE030990018DD9E /* Root */,
			);
			path = Core;
			sourceTree = "<group>";
		};
		BC7F78D42BE030430018DD9E /* App */ = {
			isa = PBXGroup;
			children = (
				BC7F78C22BE030130018DD9E /* ChatWithMeApp.swift */,
			);
			path = App;
			sourceTree = "<group>";
		};
		BC7F78D52BE0307B0018DD9E /* Authentication */ = {
			isa = PBXGroup;
			children = (
				BCE498922BEDD7DA00008159 /* Service */,
				BCE498932BEDD7E600008159 /* ViewModel */,
				BC7F78D72BE030B20018DD9E /* View */,
			);
			path = Authentication;
			sourceTree = "<group>";
		};
		BC7F78D62BE030990018DD9E /* Root */ = {
			isa = PBXGroup;
			children = (
			);
			path = Root;
			sourceTree = "<group>";
		};
		BC7F78D72BE030B20018DD9E /* View */ = {
			isa = PBXGroup;
			children = (
				BC7F78D82BE030C80018DD9E /* LoginView.swift */,
				BC8CA5372BEB95AA006D0981 /* RegisterView.swift */,
			);
			path = View;
			sourceTree = "<group>";
		};
		BC8CA5392BEB9800006D0981 /* Inbox */ = {
			isa = PBXGroup;
			children = (
				BC8CA53A2BEB9827006D0981 /* InboxView.swift */,
				BC8CA53F2BEBEC22006D0981 /* InboxRowView.swift */,
			);
			path = Inbox;
			sourceTree = "<group>";
		};
		BC8CA53C2BEBB3A3006D0981 /* ActiveNow */ = {
			isa = PBXGroup;
			children = (
				BC8CA53D2BEBB3BC006D0981 /* ActiveNowView.swift */,
			);
			path = ActiveNow;
			sourceTree = "<group>";
		};
		BC8CA5412BEBF0E1006D0981 /* NewMessage */ = {
			isa = PBXGroup;
			children = (
				BC8CA5422BEBF0EF006D0981 /* NewMessageView.swift */,
			);
			path = NewMessage;
			sourceTree = "<group>";
		};
		BC8CA5442BEBF426006D0981 /* Profile */ = {
			isa = PBXGroup;
			children = (
				BC8CA5462BEBF462006D0981 /* View */,
				BC8CA5452BEBF45A006D0981 /* ViewModel */,
			);
			path = Profile;
			sourceTree = "<group>";
		};
		BC8CA5452BEBF45A006D0981 /* ViewModel */ = {
			isa = PBXGroup;
			children = (
				BC8CA5492BEBF6CA006D0981 /* SettingsOptionsViewModel.swift */,
				BC8CA54B2BEBFAE8006D0981 /* ProfileViewModel.swift */,
			);
			path = ViewModel;
			sourceTree = "<group>";
		};
		BC8CA5462BEBF462006D0981 /* View */ = {
			isa = PBXGroup;
			children = (
				BC8CA5472BEBF472006D0981 /* ProfileView.swift */,
			);
			path = View;
			sourceTree = "<group>";
		};
		BC8CA54F2BEC82E4006D0981 /* Components */ = {
			isa = PBXGroup;
			children = (
				BC8CA5502BEC8323006D0981 /* CircularProfileImageView.swift */,
			);
			path = Components;
			sourceTree = "<group>";
		};
		BC8CA5522BEC87F8006D0981 /* Chat */ = {
			isa = PBXGroup;
			children = (
				BC8CA5532BEC8831006D0981 /* ChatView.swift */,
				BC8CA5552BEC8B96006D0981 /* ChatMessageCell.swift */,
			);
			path = Chat;
			sourceTree = "<group>";
		};
		BCE498922BEDD7DA00008159 /* Service */ = {
			isa = PBXGroup;
			children = (
				BCE498982BEDE3E800008159 /* AuthService.swift */,
			);
			path = Service;
			sourceTree = "<group>";
		};
		BCE498932BEDD7E600008159 /* ViewModel */ = {
			isa = PBXGroup;
			children = (
				BCE498942BEDD80D00008159 /* LoginViewModel.swift */,
				BCE498962BEDE3B400008159 /* RegViewModel.swift */,
			);
			path = ViewModel;
			sourceTree = "<group>";
		};
/* End PBXGroup section */

/* Begin PBXNativeTarget section */
		BC7F78BE2BE030130018DD9E /* ChatWithMe */ = {
			isa = PBXNativeTarget;
			buildConfigurationList = BC7F78CD2BE030140018DD9E /* Build configuration list for PBXNativeTarget "ChatWithMe" */;
			buildPhases = (
				BC7F78BB2BE030130018DD9E /* Sources */,
				BC7F78BC2BE030130018DD9E /* Frameworks */,
				BC7F78BD2BE030130018DD9E /* Resources */,
			);
			buildRules = (
			);
			dependencies = (
			);
			name = ChatWithMe;
			packageProductDependencies = (
				BC8CA59D2BEDD576006D0981 /* FirebaseAuth */,
				BC8CA5A92BEDD576006D0981 /* FirebaseFirestore */,
				BC8CA5AD2BEDD576006D0981 /* FirebaseFirestoreSwift */,
				BC8CA5C32BEDD576006D0981 /* FirebaseStorage */,
			);
			productName = ChatWithMe;
			productReference = BC7F78BF2BE030130018DD9E /* ChatWithMe.app */;
			productType = "com.apple.product-type.application";
		};
/* End PBXNativeTarget section */

/* Begin PBXProject section */
		BC7F78B72BE030130018DD9E /* Project object */ = {
			isa = PBXProject;
			attributes = {
				BuildIndependentTargetsInParallel = 1;
				LastSwiftUpdateCheck = 1510;
				LastUpgradeCheck = 1510;
				TargetAttributes = {
					BC7F78BE2BE030130018DD9E = {
						CreatedOnToolsVersion = 15.1;
					};
				};
			};
			buildConfigurationList = BC7F78BA2BE030130018DD9E /* Build configuration list for PBXProject "ChatWithMe" */;
			compatibilityVersion = "Xcode 14.0";
			developmentRegion = en;
			hasScannedForEncodings = 0;
			knownRegions = (
				en,
				Base,
			);
			mainGroup = BC7F78B62BE030130018DD9E;
			packageReferences = (
				BC8CA5902BEDD576006D0981 /* XCRemoteSwiftPackageReference "firebase-ios-sdk" */,
			);
			productRefGroup = BC7F78C02BE030130018DD9E /* Products */;
			projectDirPath = "";
			projectRoot = "";
			targets = (
				BC7F78BE2BE030130018DD9E /* ChatWithMe */,
			);
		};
/* End PBXProject section */

/* Begin PBXResourcesBuildPhase section */
		BC7F78BD2BE030130018DD9E /* Resources */ = {
			isa = PBXResourcesBuildPhase;
			buildActionMask = 2147483647;
			files = (
				BC7F78CA2BE030140018DD9E /* Preview Assets.xcassets in Resources */,
				BC8CA5C82BEDD6E8006D0981 /* GoogleService-Info.plist in Resources */,
				BC7F78C72BE030140018DD9E /* Assets.xcassets in Resources */,
			);
			runOnlyForDeploymentPostprocessing = 0;
		};
/* End PBXResourcesBuildPhase section */

/* Begin PBXSourcesBuildPhase section */
		BC7F78BB2BE030130018DD9E /* Sources */ = {
			isa = PBXSourcesBuildPhase;
			buildActionMask = 2147483647;
			files = (
				BC8CA5402BEBEC22006D0981 /* InboxRowView.swift in Sources */,
				BCE498972BEDE3B400008159 /* RegViewModel.swift in Sources */,
				BC8CA5482BEBF472006D0981 /* ProfileView.swift in Sources */,
				BCE498992BEDE3E800008159 /* AuthService.swift in Sources */,
				BC8CA5432BEBF0EF006D0981 /* NewMessageView.swift in Sources */,
				BC7F78D92BE030C80018DD9E /* LoginView.swift in Sources */,
				BCE498952BEDD80D00008159 /* LoginViewModel.swift in Sources */,
				BC8CA5542BEC8831006D0981 /* ChatView.swift in Sources */,
				BC8CA5382BEB95AA006D0981 /* RegisterView.swift in Sources */,
				BC8CA5562BEC8B96006D0981 /* ChatMessageCell.swift in Sources */,
				BC8CA5512BEC8323006D0981 /* CircularProfileImageView.swift in Sources */,
				BC8CA53B2BEB9827006D0981 /* InboxView.swift in Sources */,
				BC8CA53E2BEBB3BC006D0981 /* ActiveNowView.swift in Sources */,
				BC8CA54C2BEBFAE8006D0981 /* ProfileViewModel.swift in Sources */,
				BC8CA54E2BEBFC96006D0981 /* User.swift in Sources */,
				BC7F78C52BE030130018DD9E /* ContentView.swift in Sources */,
				BC8CA54A2BEBF6CA006D0981 /* SettingsOptionsViewModel.swift in Sources */,
				BC7F78C32BE030130018DD9E /* ChatWithMeApp.swift in Sources */,
			);
			runOnlyForDeploymentPostprocessing = 0;
		};
/* End PBXSourcesBuildPhase section */

/* Begin XCBuildConfiguration section */
		BC7F78CB2BE030140018DD9E /* Debug */ = {
			isa = XCBuildConfiguration;
			buildSettings = {
				ALWAYS_SEARCH_USER_PATHS = NO;
				ASSETCATALOG_COMPILER_GENERATE_SWIFT_ASSET_SYMBOL_EXTENSIONS = YES;
				CLANG_ANALYZER_NONNULL = YES;
				CLANG_ANALYZER_NUMBER_OBJECT_CONVERSION = YES_AGGRESSIVE;
				CLANG_CXX_LANGUAGE_STANDARD = "gnu++20";
				CLANG_ENABLE_MODULES = YES;
				CLANG_ENABLE_OBJC_ARC = YES;
				CLANG_ENABLE_OBJC_WEAK = YES;
				CLANG_WARN_BLOCK_CAPTURE_AUTORELEASING = YES;
				CLANG_WARN_BOOL_CONVERSION = YES;
				CLANG_WARN_COMMA = YES;
				CLANG_WARN_CONSTANT_CONVERSION = YES;
				CLANG_WARN_DEPRECATED_OBJC_IMPLEMENTATIONS = YES;
				CLANG_WARN_DIRECT_OBJC_ISA_USAGE = YES_ERROR;
				CLANG_WARN_DOCUMENTATION_COMMENTS = YES;
				CLANG_WARN_EMPTY_BODY = YES;
				CLANG_WARN_ENUM_CONVERSION = YES;
				CLANG_WARN_INFINITE_RECURSION = YES;
				CLANG_WARN_INT_CONVERSION = YES;
				CLANG_WARN_NON_LITERAL_NULL_CONVERSION = YES;
				CLANG_WARN_OBJC_IMPLICIT_RETAIN_SELF = YES;
				CLANG_WARN_OBJC_LITERAL_CONVERSION = YES;
				CLANG_WARN_OBJC_ROOT_CLASS = YES_ERROR;
				CLANG_WARN_QUOTED_INCLUDE_IN_FRAMEWORK_HEADER = YES;
				CLANG_WARN_RANGE_LOOP_ANALYSIS = YES;
				CLANG_WARN_STRICT_PROTOTYPES = YES;
				CLANG_WARN_SUSPICIOUS_MOVE = YES;
				CLANG_WARN_UNGUARDED_AVAILABILITY = YES_AGGRESSIVE;
				CLANG_WARN_UNREACHABLE_CODE = YES;
				CLANG_WARN__DUPLICATE_METHOD_MATCH = YES;
				COPY_PHASE_STRIP = NO;
				DEBUG_INFORMATION_FORMAT = dwarf;
				ENABLE_STRICT_OBJC_MSGSEND = YES;
				ENABLE_TESTABILITY = YES;
				ENABLE_USER_SCRIPT_SANDBOXING = YES;
				GCC_C_LANGUAGE_STANDARD = gnu17;
				GCC_DYNAMIC_NO_PIC = NO;
				GCC_NO_COMMON_BLOCKS = YES;
				GCC_OPTIMIZATION_LEVEL = 0;
				GCC_PREPROCESSOR_DEFINITIONS = (
					"DEBUG=1",
					"$(inherited)",
				);
				GCC_WARN_64_TO_32_BIT_CONVERSION = YES;
				GCC_WARN_ABOUT_RETURN_TYPE = YES_ERROR;
				GCC_WARN_UNDECLARED_SELECTOR = YES;
				GCC_WARN_UNINITIALIZED_AUTOS = YES_AGGRESSIVE;
				GCC_WARN_UNUSED_FUNCTION = YES;
				GCC_WARN_UNUSED_VARIABLE = YES;
				IPHONEOS_DEPLOYMENT_TARGET = 17.2;
				LOCALIZATION_PREFERS_STRING_CATALOGS = YES;
				MTL_ENABLE_DEBUG_INFO = INCLUDE_SOURCE;
				MTL_FAST_MATH = YES;
				ONLY_ACTIVE_ARCH = YES;
				SDKROOT = iphoneos;
				SWIFT_ACTIVE_COMPILATION_CONDITIONS = "DEBUG $(inherited)";
				SWIFT_OPTIMIZATION_LEVEL = "-Onone";
			};
			name = Debug;
		};
		BC7F78CC2BE030140018DD9E /* Release */ = {
			isa = XCBuildConfiguration;
			buildSettings = {
				ALWAYS_SEARCH_USER_PATHS = NO;
				ASSETCATALOG_COMPILER_GENERATE_SWIFT_ASSET_SYMBOL_EXTENSIONS = YES;
				CLANG_ANALYZER_NONNULL = YES;
				CLANG_ANALYZER_NUMBER_OBJECT_CONVERSION = YES_AGGRESSIVE;
				CLANG_CXX_LANGUAGE_STANDARD = "gnu++20";
				CLANG_ENABLE_MODULES = YES;
				CLANG_ENABLE_OBJC_ARC = YES;
				CLANG_ENABLE_OBJC_WEAK = YES;
				CLANG_WARN_BLOCK_CAPTURE_AUTORELEASING = YES;
				CLANG_WARN_BOOL_CONVERSION = YES;
				CLANG_WARN_COMMA = YES;
				CLANG_WARN_CONSTANT_CONVERSION = YES;
				CLANG_WARN_DEPRECATED_OBJC_IMPLEMENTATIONS = YES;
				CLANG_WARN_DIRECT_OBJC_ISA_USAGE = YES_ERROR;
				CLANG_WARN_DOCUMENTATION_COMMENTS = YES;
				CLANG_WARN_EMPTY_BODY = YES;
				CLANG_WARN_ENUM_CONVERSION = YES;
				CLANG_WARN_INFINITE_RECURSION = YES;
				CLANG_WARN_INT_CONVERSION = YES;
				CLANG_WARN_NON_LITERAL_NULL_CONVERSION = YES;
				CLANG_WARN_OBJC_IMPLICIT_RETAIN_SELF = YES;
				CLANG_WARN_OBJC_LITERAL_CONVERSION = YES;
				CLANG_WARN_OBJC_ROOT_CLASS = YES_ERROR;
				CLANG_WARN_QUOTED_INCLUDE_IN_FRAMEWORK_HEADER = YES;
				CLANG_WARN_RANGE_LOOP_ANALYSIS = YES;
				CLANG_WARN_STRICT_PROTOTYPES = YES;
				CLANG_WARN_SUSPICIOUS_MOVE = YES;
				CLANG_WARN_UNGUARDED_AVAILABILITY = YES_AGGRESSIVE;
				CLANG_WARN_UNREACHABLE_CODE = YES;
				CLANG_WARN__DUPLICATE_METHOD_MATCH = YES;
				COPY_PHASE_STRIP = NO;
				DEBUG_INFORMATION_FORMAT = "dwarf-with-dsym";
				ENABLE_NS_ASSERTIONS = NO;
				ENABLE_STRICT_OBJC_MSGSEND = YES;
				ENABLE_USER_SCRIPT_SANDBOXING = YES;
				GCC_C_LANGUAGE_STANDARD = gnu17;
				GCC_NO_COMMON_BLOCKS = YES;
				GCC_WARN_64_TO_32_BIT_CONVERSION = YES;
				GCC_WARN_ABOUT_RETURN_TYPE = YES_ERROR;
				GCC_WARN_UNDECLARED_SELECTOR = YES;
				GCC_WARN_UNINITIALIZED_AUTOS = YES_AGGRESSIVE;
				GCC_WARN_UNUSED_FUNCTION = YES;
				GCC_WARN_UNUSED_VARIABLE = YES;
				IPHONEOS_DEPLOYMENT_TARGET = 17.2;
				LOCALIZATION_PREFERS_STRING_CATALOGS = YES;
				MTL_ENABLE_DEBUG_INFO = NO;
				MTL_FAST_MATH = YES;
				SDKROOT = iphoneos;
				SWIFT_COMPILATION_MODE = wholemodule;
				VALIDATE_PRODUCT = YES;
			};
			name = Release;
		};
		BC7F78CE2BE030140018DD9E /* Debug */ = {
			isa = XCBuildConfiguration;
			buildSettings = {
				ASSETCATALOG_COMPILER_APPICON_NAME = AppIcon;
				ASSETCATALOG_COMPILER_GLOBAL_ACCENT_COLOR_NAME = AccentColor;
				CODE_SIGN_STYLE = Automatic;
				CURRENT_PROJECT_VERSION = 1;
				DEVELOPMENT_ASSET_PATHS = "\"ChatWithMe/Preview Content\"";
				DEVELOPMENT_TEAM = 2PWGJZG35F;
				ENABLE_PREVIEWS = YES;
				GENERATE_INFOPLIST_FILE = YES;
				INFOPLIST_KEY_UIApplicationSceneManifest_Generation = YES;
				INFOPLIST_KEY_UIApplicationSupportsIndirectInputEvents = YES;
				INFOPLIST_KEY_UILaunchScreen_Generation = YES;
				INFOPLIST_KEY_UISupportedInterfaceOrientations_iPad = "UIInterfaceOrientationPortrait UIInterfaceOrientationPortraitUpsideDown UIInterfaceOrientationLandscapeLeft UIInterfaceOrientationLandscapeRight";
				INFOPLIST_KEY_UISupportedInterfaceOrientations_iPhone = "UIInterfaceOrientationPortrait UIInterfaceOrientationLandscapeLeft UIInterfaceOrientationLandscapeRight";
				LD_RUNPATH_SEARCH_PATHS = (
					"$(inherited)",
					"@executable_path/Frameworks",
				);
				MARKETING_VERSION = 1.0;
				PRODUCT_BUNDLE_IDENTIFIER = app.enes.ChatWithMe;
				PRODUCT_NAME = "$(TARGET_NAME)";
				SWIFT_EMIT_LOC_STRINGS = YES;
				SWIFT_VERSION = 5.0;
				TARGETED_DEVICE_FAMILY = "1,2";
			};
			name = Debug;
		};
		BC7F78CF2BE030140018DD9E /* Release */ = {
			isa = XCBuildConfiguration;
			buildSettings = {
				ASSETCATALOG_COMPILER_APPICON_NAME = AppIcon;
				ASSETCATALOG_COMPILER_GLOBAL_ACCENT_COLOR_NAME = AccentColor;
				CODE_SIGN_STYLE = Automatic;
				CURRENT_PROJECT_VERSION = 1;
				DEVELOPMENT_ASSET_PATHS = "\"ChatWithMe/Preview Content\"";
				DEVELOPMENT_TEAM = 2PWGJZG35F;
				ENABLE_PREVIEWS = YES;
				GENERATE_INFOPLIST_FILE = YES;
				INFOPLIST_KEY_UIApplicationSceneManifest_Generation = YES;
				INFOPLIST_KEY_UIApplicationSupportsIndirectInputEvents = YES;
				INFOPLIST_KEY_UILaunchScreen_Generation = YES;
				INFOPLIST_KEY_UISupportedInterfaceOrientations_iPad = "UIInterfaceOrientationPortrait UIInterfaceOrientationPortraitUpsideDown UIInterfaceOrientationLandscapeLeft UIInterfaceOrientationLandscapeRight";
				INFOPLIST_KEY_UISupportedInterfaceOrientations_iPhone = "UIInterfaceOrientationPortrait UIInterfaceOrientationLandscapeLeft UIInterfaceOrientationLandscapeRight";
				LD_RUNPATH_SEARCH_PATHS = (
					"$(inherited)",
					"@executable_path/Frameworks",
				);
				MARKETING_VERSION = 1.0;
				PRODUCT_BUNDLE_IDENTIFIER = app.enes.ChatWithMe;
				PRODUCT_NAME = "$(TARGET_NAME)";
				SWIFT_EMIT_LOC_STRINGS = YES;
				SWIFT_VERSION = 5.0;
				TARGETED_DEVICE_FAMILY = "1,2";
			};
			name = Release;
		};
/* End XCBuildConfiguration section */

/* Begin XCConfigurationList section */
		BC7F78BA2BE030130018DD9E /* Build configuration list for PBXProject "ChatWithMe" */ = {
			isa = XCConfigurationList;
			buildConfigurations = (
				BC7F78CB2BE030140018DD9E /* Debug */,
				BC7F78CC2BE030140018DD9E /* Release */,
			);
			defaultConfigurationIsVisible = 0;
			defaultConfigurationName = Release;
		};
		BC7F78CD2BE030140018DD9E /* Build configuration list for PBXNativeTarget "ChatWithMe" */ = {
			isa = XCConfigurationList;
			buildConfigurations = (
				BC7F78CE2BE030140018DD9E /* Debug */,
				BC7F78CF2BE030140018DD9E /* Release */,
			);
			defaultConfigurationIsVisible = 0;
			defaultConfigurationName = Release;
		};
/* End XCConfigurationList section */

/* Begin XCRemoteSwiftPackageReference section */
		BC8CA5902BEDD576006D0981 /* XCRemoteSwiftPackageReference "firebase-ios-sdk" */ = {
			isa = XCRemoteSwiftPackageReference;
			repositoryURL = "https://github.com/firebase/firebase-ios-sdk.git";
			requirement = {
				kind = upToNextMajorVersion;
				minimumVersion = 10.25.0;
			};
		};
/* End XCRemoteSwiftPackageReference section */

/* Begin XCSwiftPackageProductDependency section */
		BC8CA59D2BEDD576006D0981 /* FirebaseAuth */ = {
			isa = XCSwiftPackageProductDependency;
			package = BC8CA5902BEDD576006D0981 /* XCRemoteSwiftPackageReference "firebase-ios-sdk" */;
			productName = FirebaseAuth;
		};
		BC8CA5A92BEDD576006D0981 /* FirebaseFirestore */ = {
			isa = XCSwiftPackageProductDependency;
			package = BC8CA5902BEDD576006D0981 /* XCRemoteSwiftPackageReference "firebase-ios-sdk" */;
			productName = FirebaseFirestore;
		};
		BC8CA5AD2BEDD576006D0981 /* FirebaseFirestoreSwift */ = {
			isa = XCSwiftPackageProductDependency;
			package = BC8CA5902BEDD576006D0981 /* XCRemoteSwiftPackageReference "firebase-ios-sdk" */;
			productName = FirebaseFirestoreSwift;
		};
		BC8CA5C32BEDD576006D0981 /* FirebaseStorage */ = {
			isa = XCSwiftPackageProductDependency;
			package = BC8CA5902BEDD576006D0981 /* XCRemoteSwiftPackageReference "firebase-ios-sdk" */;
			productName = FirebaseStorage;
		};
/* End XCSwiftPackageProductDependency section */
	};
	rootObject = BC7F78B72BE030130018DD9E /* Project object */;
}
